{
  "originHash" : "5a2a1c746e4db11aaad5831984db662dc0fc473ca21cb890ba9561486712dd9e",
  "pins" : [
    {
      "identity" : "stripe-ios",
      "kind" : "remoteSourceControl",
      "location" : "https://github.com/stripe/stripe-ios.git",
      "state" : {
        "revision" : "4cde28405081ccf8d4b182e1709966d7e3f1f337",
        "version" : "23.32.0"
      }
    }
  ],
  "version" : 3
}
