{
  "originHash" : "f99d8b94579b2785102505488ffe0fc921aa4ee08862bf5ceecbd88e28c02db9",
  "pins" : [
    {
      "identity" : "stripe-ios-spm",
      "kind" : "remoteSourceControl",
      "location" : "https://github.com/stripe/stripe-ios-spm.git",
      "state" : {
        "revision" : "cd3e7814e17fed6e0b9707b228c5018448c9cdbd",
        "version" : "25.1.0"
      }
    }
  ],
  "version" : 3
}
